
Microsoft Visual Studio Solution File, Format Version 12.00
# Visual Studio 15
VisualStudioVersion = 15.0.28307.271
MinimumVisualStudioVersion = 10.0.40219.1
Project("{9A19103F-16F7-4668-BE54-9A1E7A4F7556}") = "Era.UnityServiceInitiator", "Era.UnityServiceInitiator\Era.UnityServiceInitiator.csproj", "{9EE19185-1779-405D-BAB7-E336F1586E0B}"
EndProject
Global
	GlobalSection(SolutionConfigurationPlatforms) = preSolution
		Debug|Any CPU = Debug|Any CPU
		Release|Any CPU = Release|Any CPU
	EndGlobalSection
	GlobalSection(ProjectConfigurationPlatforms) = postSolution
		{9EE19185-1779-405D-BAB7-E336F1586E0B}.Debug|Any CPU.ActiveCfg = Debug|Any CPU
		{9EE19185-1779-405D-BAB7-E336F1586E0B}.Debug|Any CPU.Build.0 = Debug|Any CPU
		{9EE19185-1779-405D-BAB7-E336F1586E0B}.Release|Any CPU.ActiveCfg = Release|Any CPU
		{9EE19185-1779-405D-BAB7-E336F1586E0B}.Release|Any CPU.Build.0 = Release|Any CPU
	EndGlobalSection
	GlobalSection(SolutionProperties) = preSolution
		HideSolutionNode = FALSE
	EndGlobalSection
	GlobalSection(ExtensibilityGlobals) = postSolution
		SolutionGuid = {8C05F730-0118-4B99-84DA-65D25DC75692}
	EndGlobalSection
EndGlobal
